
Microsoft Visual Studio Solution File, Format Version 12.00
# Visual Studio Version 16
VisualStudioVersion = 16.0.32228.343
MinimumVisualStudioVersion = 10.0.40219.1
Project("{8BC9CEB8-8B4A-11D0-8D11-00A0C91BC942}") = "01_List", "Algorithm\01_List\List\List.vcxproj", "{7840D1CF-5F3B-4026-8571-01E4C3DB5339}"
EndProject
Project("{8BC9CEB8-8B4A-11D0-8D11-00A0C91BC942}") = "02_Stack", "Algorithm\02_Stack\02_Stack\02_Stack.vcxproj", "{7951A95B-94E2-4CFB-88E7-E24E0B31CACC}"
EndProject
Project("{8BC9CEB8-8B4A-11D0-8D11-00A0C91BC942}") = "03_Stack", "Algorithm\03_Stack\03_Stack\03_Stack.vcxproj", "{F0259DE7-ACA8-46A2-B3B7-7D4AA2F3C035}"
EndProject
Project("{8BC9CEB8-8B4A-11D0-8D11-00A0C91BC942}") = "04_CircularQueue", "Algorithm\04_CircularQueue\04_CircularQueue\04_CircularQueue.vcxproj", "{F50CB34A-1E2C-4F49-A5C1-6B5FE120380B}"
EndProject
Project("{8BC9CEB8-8B4A-11D0-8D11-00A0C91BC942}") = "05_Queue", "Algorithm\05_Queue\05_Queue\05_Queue.vcxproj", "{1C4E0C7D-3365-44D6-B6C2-42979AB1CEFF}"
EndProject
Project("{8BC9CEB8-8B4A-11D0-8D11-00A0C91BC942}") = "06_Tree", "Algorithm\06_Tree\06_Tree\06_Tree.vcxproj", "{DA432B7E-4EE3-4978-AAE4-413DBDD49D70}"
EndProject
Project("{8BC9CEB8-8B4A-11D0-8D11-00A0C91BC942}") = "07_BinaryTree", "Algorithm\07_BinaryTree\U07_BinaryTree\U07_BinaryTree.vcxproj", "{398FD657-C4DB-444C-8666-B310441AC259}"
EndProject
Project("{8BC9CEB8-8B4A-11D0-8D11-00A0C91BC942}") = "08_DisjointSet", "Algorithm\08_DisjointSet\08_DisjointSet\08_DisjointSet.vcxproj", "{BBE013CB-EA53-42F9-B1B6-47FC5CDE186C}"
EndProject
Project("{8BC9CEB8-8B4A-11D0-8D11-00A0C91BC942}") = "09_QuickSort", "Algorithm\09_QuickSort\09_QuickSort\09_QuickSort.vcxproj", "{9F6BAEF7-1F40-469D-888F-450BFBF0B0E4}"
EndProject
Project("{8BC9CEB8-8B4A-11D0-8D11-00A0C91BC942}") = "10_BinarySearchTree", "Algorithm\10_BinarySearchTree\10_BinarySearchTree\10_BinarySearchTree.vcxproj", "{A0D9D6A7-46B7-449F-8BB2-734363887F40}"
EndProject
Project("{8BC9CEB8-8B4A-11D0-8D11-00A0C91BC942}") = "11_Heap", "Algorithm\11_Heap\11_Heap\11_Heap.vcxproj", "{4AC0025F-6483-418C-A088-80D36F127566}"
EndProject
Project("{8BC9CEB8-8B4A-11D0-8D11-00A0C91BC942}") = "12_PriorityQueue", "Algorithm\12_PriorityQueue\12_PriorityQueue\12_PriorityQueue.vcxproj", "{83918242-9E8E-4355-B498-B520CC199446}"
EndProject
Project("{8BC9CEB8-8B4A-11D0-8D11-00A0C91BC942}") = "13_Set", "Algorithm\13_Set\13_Set\13_Set.vcxproj", "{AC824BA6-8E94-4597-935D-74421F47A330}"
EndProject
Project("{8BC9CEB8-8B4A-11D0-8D11-00A0C91BC942}") = "14_RBTree", "Algorithm\14_RBTree\14_RBTree\14_RBTree.vcxproj", "{34DF5633-A99F-4CF4-A952-CCE39BCB7F28}"
EndProject
Project("{8BC9CEB8-8B4A-11D0-8D11-00A0C91BC942}") = "15_Graph", "Algorithm\15_Graph\15_Graph\15_Graph.vcxproj", "{E6EEE86B-0EC7-45B7-915E-14499487F090}"
EndProject
Project("{8BC9CEB8-8B4A-11D0-8D11-00A0C91BC942}") = "16_TopologySort", "Algorithm\16_TopologySort\16_TopologySort\16_TopologySort.vcxproj", "{8251EE77-04DA-4A06-88FF-9DDD83DF478F}"
EndProject
Project("{8BC9CEB8-8B4A-11D0-8D11-00A0C91BC942}") = "17_MST", "Algorithm\17_MST\17_MST\17_MST.vcxproj", "{73E2F081-1C1D-494E-8A3C-F3ACC92088DC}"
EndProject
Global
	GlobalSection(SolutionConfigurationPlatforms) = preSolution
		Debug|x64 = Debug|x64
		Debug|x86 = Debug|x86
		Release|x64 = Release|x64
		Release|x86 = Release|x86
	EndGlobalSection
	GlobalSection(ProjectConfigurationPlatforms) = postSolution
		{7840D1CF-5F3B-4026-8571-01E4C3DB5339}.Debug|x64.ActiveCfg = Debug|x64
		{7840D1CF-5F3B-4026-8571-01E4C3DB5339}.Debug|x64.Build.0 = Debug|x64
		{7840D1CF-5F3B-4026-8571-01E4C3DB5339}.Debug|x86.ActiveCfg = Debug|Win32
		{7840D1CF-5F3B-4026-8571-01E4C3DB5339}.Debug|x86.Build.0 = Debug|Win32
		{7840D1CF-5F3B-4026-8571-01E4C3DB5339}.Release|x64.ActiveCfg = Release|x64
		{7840D1CF-5F3B-4026-8571-01E4C3DB5339}.Release|x64.Build.0 = Release|x64
		{7840D1CF-5F3B-4026-8571-01E4C3DB5339}.Release|x86.ActiveCfg = Release|Win32
		{7840D1CF-5F3B-4026-8571-01E4C3DB5339}.Release|x86.Build.0 = Release|Win32
		{7951A95B-94E2-4CFB-88E7-E24E0B31CACC}.Debug|x64.ActiveCfg = Debug|x64
		{7951A95B-94E2-4CFB-88E7-E24E0B31CACC}.Debug|x64.Build.0 = Debug|x64
		{7951A95B-94E2-4CFB-88E7-E24E0B31CACC}.Debug|x86.ActiveCfg = Debug|Win32
		{7951A95B-94E2-4CFB-88E7-E24E0B31CACC}.Debug|x86.Build.0 = Debug|Win32
		{7951A95B-94E2-4CFB-88E7-E24E0B31CACC}.Release|x64.ActiveCfg = Release|x64
		{7951A95B-94E2-4CFB-88E7-E24E0B31CACC}.Release|x64.Build.0 = Release|x64
		{7951A95B-94E2-4CFB-88E7-E24E0B31CACC}.Release|x86.ActiveCfg = Release|Win32
		{7951A95B-94E2-4CFB-88E7-E24E0B31CACC}.Release|x86.Build.0 = Release|Win32
		{F0259DE7-ACA8-46A2-B3B7-7D4AA2F3C035}.Debug|x64.ActiveCfg = Debug|x64
		{F0259DE7-ACA8-46A2-B3B7-7D4AA2F3C035}.Debug|x64.Build.0 = Debug|x64
		{F0259DE7-ACA8-46A2-B3B7-7D4AA2F3C035}.Debug|x86.ActiveCfg = Debug|Win32
		{F0259DE7-ACA8-46A2-B3B7-7D4AA2F3C035}.Debug|x86.Build.0 = Debug|Win32
		{F0259DE7-ACA8-46A2-B3B7-7D4AA2F3C035}.Release|x64.ActiveCfg = Release|x64
		{F0259DE7-ACA8-46A2-B3B7-7D4AA2F3C035}.Release|x64.Build.0 = Release|x64
		{F0259DE7-ACA8-46A2-B3B7-7D4AA2F3C035}.Release|x86.ActiveCfg = Release|Win32
		{F0259DE7-ACA8-46A2-B3B7-7D4AA2F3C035}.Release|x86.Build.0 = Release|Win32
		{F50CB34A-1E2C-4F49-A5C1-6B5FE120380B}.Debug|x64.ActiveCfg = Debug|x64
		{F50CB34A-1E2C-4F49-A5C1-6B5FE120380B}.Debug|x64.Build.0 = Debug|x64
		{F50CB34A-1E2C-4F49-A5C1-6B5FE120380B}.Debug|x86.ActiveCfg = Debug|Win32
		{F50CB34A-1E2C-4F49-A5C1-6B5FE120380B}.Debug|x86.Build.0 = Debug|Win32
		{F50CB34A-1E2C-4F49-A5C1-6B5FE120380B}.Release|x64.ActiveCfg = Release|x64
		{F50CB34A-1E2C-4F49-A5C1-6B5FE120380B}.Release|x64.Build.0 = Release|x64
		{F50CB34A-1E2C-4F49-A5C1-6B5FE120380B}.Release|x86.ActiveCfg = Release|Win32
		{F50CB34A-1E2C-4F49-A5C1-6B5FE120380B}.Release|x86.Build.0 = Release|Win32
		{1C4E0C7D-3365-44D6-B6C2-42979AB1CEFF}.Debug|x64.ActiveCfg = Debug|x64
		{1C4E0C7D-3365-44D6-B6C2-42979AB1CEFF}.Debug|x64.Build.0 = Debug|x64
		{1C4E0C7D-3365-44D6-B6C2-42979AB1CEFF}.Debug|x86.ActiveCfg = Debug|Win32
		{1C4E0C7D-3365-44D6-B6C2-42979AB1CEFF}.Debug|x86.Build.0 = Debug|Win32
		{1C4E0C7D-3365-44D6-B6C2-42979AB1CEFF}.Release|x64.ActiveCfg = Release|x64
		{1C4E0C7D-3365-44D6-B6C2-42979AB1CEFF}.Release|x64.Build.0 = Release|x64
		{1C4E0C7D-3365-44D6-B6C2-42979AB1CEFF}.Release|x86.ActiveCfg = Release|Win32
		{1C4E0C7D-3365-44D6-B6C2-42979AB1CEFF}.Release|x86.Build.0 = Release|Win32
		{DA432B7E-4EE3-4978-AAE4-413DBDD49D70}.Debug|x64.ActiveCfg = Debug|x64
		{DA432B7E-4EE3-4978-AAE4-413DBDD49D70}.Debug|x64.Build.0 = Debug|x64
		{DA432B7E-4EE3-4978-AAE4-413DBDD49D70}.Debug|x86.ActiveCfg = Debug|Win32
		{DA432B7E-4EE3-4978-AAE4-413DBDD49D70}.Debug|x86.Build.0 = Debug|Win32
		{DA432B7E-4EE3-4978-AAE4-413DBDD49D70}.Release|x64.ActiveCfg = Release|x64
		{DA432B7E-4EE3-4978-AAE4-413DBDD49D70}.Release|x64.Build.0 = Release|x64
		{DA432B7E-4EE3-4978-AAE4-413DBDD49D70}.Release|x86.ActiveCfg = Release|Win32
		{DA432B7E-4EE3-4978-AAE4-413DBDD49D70}.Release|x86.Build.0 = Release|Win32
		{398FD657-C4DB-444C-8666-B310441AC259}.Debug|x64.ActiveCfg = Debug|x64
		{398FD657-C4DB-444C-8666-B310441AC259}.Debug|x64.Build.0 = Debug|x64
		{398FD657-C4DB-444C-8666-B310441AC259}.Debug|x86.ActiveCfg = Debug|Win32
		{398FD657-C4DB-444C-8666-B310441AC259}.Debug|x86.Build.0 = Debug|Win32
		{398FD657-C4DB-444C-8666-B310441AC259}.Release|x64.ActiveCfg = Release|x64
		{398FD657-C4DB-444C-8666-B310441AC259}.Release|x64.Build.0 = Release|x64
		{398FD657-C4DB-444C-8666-B310441AC259}.Release|x86.ActiveCfg = Release|Win32
		{398FD657-C4DB-444C-8666-B310441AC259}.Release|x86.Build.0 = Release|Win32
		{BBE013CB-EA53-42F9-B1B6-47FC5CDE186C}.Debug|x64.ActiveCfg = Debug|x64
		{BBE013CB-EA53-42F9-B1B6-47FC5CDE186C}.Debug|x64.Build.0 = Debug|x64
		{BBE013CB-EA53-42F9-B1B6-47FC5CDE186C}.Debug|x86.ActiveCfg = Debug|Win32
		{BBE013CB-EA53-42F9-B1B6-47FC5CDE186C}.Debug|x86.Build.0 = Debug|Win32
		{BBE013CB-EA53-42F9-B1B6-47FC5CDE186C}.Release|x64.ActiveCfg = Release|x64
		{BBE013CB-EA53-42F9-B1B6-47FC5CDE186C}.Release|x64.Build.0 = Release|x64
		{BBE013CB-EA53-42F9-B1B6-47FC5CDE186C}.Release|x86.ActiveCfg = Release|Win32
		{BBE013CB-EA53-42F9-B1B6-47FC5CDE186C}.Release|x86.Build.0 = Release|Win32
		{9F6BAEF7-1F40-469D-888F-450BFBF0B0E4}.Debug|x64.ActiveCfg = Debug|x64
		{9F6BAEF7-1F40-469D-888F-450BFBF0B0E4}.Debug|x64.Build.0 = Debug|x64
		{9F6BAEF7-1F40-469D-888F-450BFBF0B0E4}.Debug|x86.ActiveCfg = Debug|Win32
		{9F6BAEF7-1F40-469D-888F-450BFBF0B0E4}.Debug|x86.Build.0 = Debug|Win32
		{9F6BAEF7-1F40-469D-888F-450BFBF0B0E4}.Release|x64.ActiveCfg = Release|x64
		{9F6BAEF7-1F40-469D-888F-450BFBF0B0E4}.Release|x64.Build.0 = Release|x64
		{9F6BAEF7-1F40-469D-888F-450BFBF0B0E4}.Release|x86.ActiveCfg = Release|Win32
		{9F6BAEF7-1F40-469D-888F-450BFBF0B0E4}.Release|x86.Build.0 = Release|Win32
		{A0D9D6A7-46B7-449F-8BB2-734363887F40}.Debug|x64.ActiveCfg = Debug|x64
		{A0D9D6A7-46B7-449F-8BB2-734363887F40}.Debug|x64.Build.0 = Debug|x64
		{A0D9D6A7-46B7-449F-8BB2-734363887F40}.Debug|x86.ActiveCfg = Debug|Win32
		{A0D9D6A7-46B7-449F-8BB2-734363887F40}.Debug|x86.Build.0 = Debug|Win32
		{A0D9D6A7-46B7-449F-8BB2-734363887F40}.Release|x64.ActiveCfg = Release|x64
		{A0D9D6A7-46B7-449F-8BB2-734363887F40}.Release|x64.Build.0 = Release|x64
		{A0D9D6A7-46B7-449F-8BB2-734363887F40}.Release|x86.ActiveCfg = Release|Win32
		{A0D9D6A7-46B7-449F-8BB2-734363887F40}.Release|x86.Build.0 = Release|Win32
		{4AC0025F-6483-418C-A088-80D36F127566}.Debug|x64.ActiveCfg = Debug|x64
		{4AC0025F-6483-418C-A088-80D36F127566}.Debug|x64.Build.0 = Debug|x64
		{4AC0025F-6483-418C-A088-80D36F127566}.Debug|x86.ActiveCfg = Debug|Win32
		{4AC0025F-6483-418C-A088-80D36F127566}.Debug|x86.Build.0 = Debug|Win32
		{4AC0025F-6483-418C-A088-80D36F127566}.Release|x64.ActiveCfg = Release|x64
		{4AC0025F-6483-418C-A088-80D36F127566}.Release|x64.Build.0 = Release|x64
		{4AC0025F-6483-418C-A088-80D36F127566}.Release|x86.ActiveCfg = Release|Win32
		{4AC0025F-6483-418C-A088-80D36F127566}.Release|x86.Build.0 = Release|Win32
		{83918242-9E8E-4355-B498-B520CC199446}.Debug|x64.ActiveCfg = Debug|x64
		{83918242-9E8E-4355-B498-B520CC199446}.Debug|x64.Build.0 = Debug|x64
		{83918242-9E8E-4355-B498-B520CC199446}.Debug|x86.ActiveCfg = Debug|Win32
		{83918242-9E8E-4355-B498-B520CC199446}.Debug|x86.Build.0 = Debug|Win32
		{83918242-9E8E-4355-B498-B520CC199446}.Release|x64.ActiveCfg = Release|x64
		{83918242-9E8E-4355-B498-B520CC199446}.Release|x64.Build.0 = Release|x64
		{83918242-9E8E-4355-B498-B520CC199446}.Release|x86.ActiveCfg = Release|Win32
		{83918242-9E8E-4355-B498-B520CC199446}.Release|x86.Build.0 = Release|Win32
		{AC824BA6-8E94-4597-935D-74421F47A330}.Debug|x64.ActiveCfg = Debug|x64
		{AC824BA6-8E94-4597-935D-74421F47A330}.Debug|x64.Build.0 = Debug|x64
		{AC824BA6-8E94-4597-935D-74421F47A330}.Debug|x86.ActiveCfg = Debug|Win32
		{AC824BA6-8E94-4597-935D-74421F47A330}.Debug|x86.Build.0 = Debug|Win32
		{AC824BA6-8E94-4597-935D-74421F47A330}.Release|x64.ActiveCfg = Release|x64
		{AC824BA6-8E94-4597-935D-74421F47A330}.Release|x64.Build.0 = Release|x64
		{AC824BA6-8E94-4597-935D-74421F47A330}.Release|x86.ActiveCfg = Release|Win32
		{AC824BA6-8E94-4597-935D-74421F47A330}.Release|x86.Build.0 = Release|Win32
		{34DF5633-A99F-4CF4-A952-CCE39BCB7F28}.Debug|x64.ActiveCfg = Debug|x64
		{34DF5633-A99F-4CF4-A952-CCE39BCB7F28}.Debug|x64.Build.0 = Debug|x64
		{34DF5633-A99F-4CF4-A952-CCE39BCB7F28}.Debug|x86.ActiveCfg = Debug|Win32
		{34DF5633-A99F-4CF4-A952-CCE39BCB7F28}.Debug|x86.Build.0 = Debug|Win32
		{34DF5633-A99F-4CF4-A952-CCE39BCB7F28}.Release|x64.ActiveCfg = Release|x64
		{34DF5633-A99F-4CF4-A952-CCE39BCB7F28}.Release|x64.Build.0 = Release|x64
		{34DF5633-A99F-4CF4-A952-CCE39BCB7F28}.Release|x86.ActiveCfg = Release|Win32
		{34DF5633-A99F-4CF4-A952-CCE39BCB7F28}.Release|x86.Build.0 = Release|Win32
		{E6EEE86B-0EC7-45B7-915E-14499487F090}.Debug|x64.ActiveCfg = Debug|x64
		{E6EEE86B-0EC7-45B7-915E-14499487F090}.Debug|x64.Build.0 = Debug|x64
		{E6EEE86B-0EC7-45B7-915E-14499487F090}.Debug|x86.ActiveCfg = Debug|Win32
		{E6EEE86B-0EC7-45B7-915E-14499487F090}.Debug|x86.Build.0 = Debug|Win32
		{E6EEE86B-0EC7-45B7-915E-14499487F090}.Release|x64.ActiveCfg = Release|x64
		{E6EEE86B-0EC7-45B7-915E-14499487F090}.Release|x64.Build.0 = Release|x64
		{E6EEE86B-0EC7-45B7-915E-14499487F090}.Release|x86.ActiveCfg = Release|Win32
		{E6EEE86B-0EC7-45B7-915E-14499487F090}.Release|x86.Build.0 = Release|Win32
		{8251EE77-04DA-4A06-88FF-9DDD83DF478F}.Debug|x64.ActiveCfg = Debug|x64
		{8251EE77-04DA-4A06-88FF-9DDD83DF478F}.Debug|x64.Build.0 = Debug|x64
		{8251EE77-04DA-4A06-88FF-9DDD83DF478F}.Debug|x86.ActiveCfg = Debug|Win32
		{8251EE77-04DA-4A06-88FF-9DDD83DF478F}.Debug|x86.Build.0 = Debug|Win32
		{8251EE77-04DA-4A06-88FF-9DDD83DF478F}.Release|x64.ActiveCfg = Release|x64
		{8251EE77-04DA-4A06-88FF-9DDD83DF478F}.Release|x64.Build.0 = Release|x64
		{8251EE77-04DA-4A06-88FF-9DDD83DF478F}.Release|x86.ActiveCfg = Release|Win32
		{8251EE77-04DA-4A06-88FF-9DDD83DF478F}.Release|x86.Build.0 = Release|Win32
		{73E2F081-1C1D-494E-8A3C-F3ACC92088DC}.Debug|x64.ActiveCfg = Debug|x64
		{73E2F081-1C1D-494E-8A3C-F3ACC92088DC}.Debug|x64.Build.0 = Debug|x64
		{73E2F081-1C1D-494E-8A3C-F3ACC92088DC}.Debug|x86.ActiveCfg = Debug|Win32
		{73E2F081-1C1D-494E-8A3C-F3ACC92088DC}.Debug|x86.Build.0 = Debug|Win32
		{73E2F081-1C1D-494E-8A3C-F3ACC92088DC}.Release|x64.ActiveCfg = Release|x64
		{73E2F081-1C1D-494E-8A3C-F3ACC92088DC}.Release|x64.Build.0 = Release|x64
		{73E2F081-1C1D-494E-8A3C-F3ACC92088DC}.Release|x86.ActiveCfg = Release|Win32
		{73E2F081-1C1D-494E-8A3C-F3ACC92088DC}.Release|x86.Build.0 = Release|Win32
	EndGlobalSection
	GlobalSection(SolutionProperties) = preSolution
		HideSolutionNode = FALSE
	EndGlobalSection
	GlobalSection(ExtensibilityGlobals) = postSolution
		SolutionGuid = {92120BA2-AEDD-4037-BCBB-85B2D77BCC69}
	EndGlobalSection
EndGlobal
